
Microsoft Visual Studio Solution File, Format Version 12.00
# Visual Studio Version 16
VisualStudioVersion = 16.0.30717.126
MinimumVisualStudioVersion = 10.0.40219.1
Project("{FAE04EC0-301F-11D3-BF4B-00C04F79EFBC}") = "TestJob", "TestJob\TestJob.csproj", "{9B2EFF13-1E8F-4ED9-8EF6-6665FFF3D5D1}"
EndProject
Global
	GlobalSection(SolutionConfigurationPlatforms) = preSolution
		Debug|Any CPU = Debug|Any CPU
		Release|Any CPU = Release|Any CPU
	EndGlobalSection
	GlobalSection(ProjectConfigurationPlatforms) = postSolution
		{9B2EFF13-1E8F-4ED9-8EF6-6665FFF3D5D1}.Debug|Any CPU.ActiveCfg = Debug|Any CPU
		{9B2EFF13-1E8F-4ED9-8EF6-6665FFF3D5D1}.Debug|Any CPU.Build.0 = Debug|Any CPU
		{9B2EFF13-1E8F-4ED9-8EF6-6665FFF3D5D1}.Release|Any CPU.ActiveCfg = Release|Any CPU
		{9B2EFF13-1E8F-4ED9-8EF6-6665FFF3D5D1}.Release|Any CPU.Build.0 = Release|Any CPU
	EndGlobalSection
	GlobalSection(SolutionProperties) = preSolution
		HideSolutionNode = FALSE
	EndGlobalSection
	GlobalSection(ExtensibilityGlobals) = postSolution
		SolutionGuid = {DD838973-4FB0-4A74-A512-3AF5DF6A5306}
	EndGlobalSection
EndGlobal
